
Microsoft Visual Studio Solution File, Format Version 12.00
# Visual Studio Version 17
VisualStudioVersion = 17.14.36414.22
MinimumVisualStudioVersion = 10.0.40219.1
Project("{2150E333-8FDC-42A3-9474-1A3956D46DE8}") = "Task0", "Task0", "{02EA681E-C7D8-13C7-8484-4AC65E1B71E8}"
EndProject
Project("{2150E333-8FDC-42A3-9474-1A3956D46DE8}") = "Task1", "Task1", "{449C4631-AA4E-47CF-B5A7-B971AE30728A}"
EndProject
Project("{2150E333-8FDC-42A3-9474-1A3956D46DE8}") = "Task2", "Task2", "{64019810-CD3E-4A21-A27A-8E6781563D45}"
EndProject
Project("{2150E333-8FDC-42A3-9474-1A3956D46DE8}") = "Task3", "Task3", "{71339329-65CE-4537-8607-E6C06A9BA0F6}"
EndProject
Project("{2150E333-8FDC-42A3-9474-1A3956D46DE8}") = "Task4", "Task4", "{B8EA4C5D-C770-409D-BED0-8F5F8C49C821}"
EndProject
Project("{2150E333-8FDC-42A3-9474-1A3956D46DE8}") = "Task5", "Task5", "{89BA3665-2746-46B3-8672-28A1E1D460F3}"
EndProject
Project("{2150E333-8FDC-42A3-9474-1A3956D46DE8}") = "Task6", "Task6", "{59EEBB71-BFAC-4EDF-8F43-8A3EB659D58E}"
EndProject
Project("{2150E333-8FDC-42A3-9474-1A3956D46DE8}") = "Task7", "Task7", "{0B54D7A2-38A7-4556-870D-1DD777DBEC9B}"
EndProject
Project("{FAE04EC0-301F-11D3-BF4B-00C04F79EFBC}") = "Tyuiu.DatskiyDE.Sprint6.Task0.V22.Test", "Tyuiu.DatskiyDE.Sprint6.Task0.V22.Test\Tyuiu.DatskiyDE.Sprint6.Task0.V22.Test.csproj", "{8F85A6EC-2B84-4E4F-BFDA-EE8A93035A1F}"
EndProject
Project("{FAE04EC0-301F-11D3-BF4B-00C04F79EFBC}") = "Tyuiu.DatskiyDE.Sprint6.Task0.V22.Lib", "Tyuiu.DatskiyDE.Sprint6.Task0.V22.Lib\Tyuiu.DatskiyDE.Sprint6.Task0.V22.Lib.csproj", "{44BCC138-6CF8-463B-9A57-C8AFE869617F}"
EndProject
Project("{FAE04EC0-301F-11D3-BF4B-00C04F79EFBC}") = "Tyuiu.DatskiyDE.Sprint6.Task0.V22", "Tyuiu.DatskiyDE.Sprint6.Task0.V22\Tyuiu.DatskiyDE.Sprint6.Task0.V22.csproj", "{5CB27E92-AA5D-4145-839D-1C22AE3187EB}"
EndProject
Project("{FAE04EC0-301F-11D3-BF4B-00C04F79EFBC}") = "Tyuiu.DatskiyDE.Sprint6.Task1.V2.Lib", "Tyuiu.DatskiyDE.Sprint6.Task1.V2.Lib\Tyuiu.DatskiyDE.Sprint6.Task1.V2.Lib.csproj", "{98BAB035-A1D7-4C46-8F01-5993E09D1565}"
EndProject
Project("{FAE04EC0-301F-11D3-BF4B-00C04F79EFBC}") = "Tyuiu.DatskiyDE.Sprint6.Task1.V2.Test", "Tyuiu.DatskiyDE.Sprint6.Task1.V2.Test\Tyuiu.DatskiyDE.Sprint6.Task1.V2.Test.csproj", "{4284A83F-93DC-4FEA-A755-DF59DCF7D182}"
EndProject
Project("{FAE04EC0-301F-11D3-BF4B-00C04F79EFBC}") = "Tyuiu.DatskiyDE.Sprint6.Task1.V2", "Tyuiu.DatskiyDE.Sprint6.Task1.V2\Tyuiu.DatskiyDE.Sprint6.Task1.V2.csproj", "{0AE5BBBB-E7CD-466B-B8A0-C1ACA80CE8B6}"
EndProject
Project("{FAE04EC0-301F-11D3-BF4B-00C04F79EFBC}") = "Tyuiu.DatskiyDE.Sprint6.Task2.V7.Lib", "Tyuiu.DatskiyDE.Sprint6.Task2.V7.Lib\Tyuiu.DatskiyDE.Sprint6.Task2.V7.Lib.csproj", "{B9A80672-8820-43EB-B236-6A079F5439CE}"
EndProject
Project("{FAE04EC0-301F-11D3-BF4B-00C04F79EFBC}") = "Tyuiu.DatskiyDE.Sprint6.Task2.V7.Test", "Tyuiu.DatskiyDE.Sprint6.Task2.V7.Test\Tyuiu.DatskiyDE.Sprint6.Task2.V7.Test.csproj", "{CF9972B4-FD97-4B98-9744-F9C4206C2EA7}"
EndProject
Project("{FAE04EC0-301F-11D3-BF4B-00C04F79EFBC}") = "Tyuiu.DatskiyDE.Sprint6.Task2.V7", "Tyuiu.DatskiyDE.Sprint6.Task2.V7\Tyuiu.DatskiyDE.Sprint6.Task2.V7.csproj", "{B39C2917-5BE0-4494-BBBA-5B40B3491CB2}"
EndProject
Project("{FAE04EC0-301F-11D3-BF4B-00C04F79EFBC}") = "Tyuiu.DatskiyDE.Sprint6.Task3.V27.Lib", "Tyuiu.DatskiyDE.Sprint6.Task3.V27.Lib\Tyuiu.DatskiyDE.Sprint6.Task3.V27.Lib.csproj", "{C85BD8AE-E121-4040-8AC1-EB5F39187518}"
EndProject
Project("{FAE04EC0-301F-11D3-BF4B-00C04F79EFBC}") = "Tyuiu.DatskiyDE.Sprint6.Task3.V27.Test", "Tyuiu.DatskiyDE.Sprint6.Task3.V27.Test\Tyuiu.DatskiyDE.Sprint6.Task3.V27.Test.csproj", "{D26C8F0F-68CD-418C-BC68-105C8D40116B}"
EndProject
Project("{FAE04EC0-301F-11D3-BF4B-00C04F79EFBC}") = "Tyuiu.DatskiyDE.Sprint6.Task3.V27", "Tyuiu.DatskiyDE.Sprint6.Task3.V27\Tyuiu.DatskiyDE.Sprint6.Task3.V27.csproj", "{67312875-9992-4A1D-B6A9-4F9514CB7E25}"
EndProject
Project("{FAE04EC0-301F-11D3-BF4B-00C04F79EFBC}") = "Tyuiu.DatskiyDE.Sprint6.Task4.V5.Lib", "Tyuiu.DatskiyDE.Sprint6.Task4.V5.Lib\Tyuiu.DatskiyDE.Sprint6.Task4.V5.Lib.csproj", "{F5458D98-4093-4717-A26D-ABE95209FDDA}"
EndProject
Project("{FAE04EC0-301F-11D3-BF4B-00C04F79EFBC}") = "Tyuiu.DatskiyDE.Sprint6.Task4.V5.Test", "Tyuiu.DatskiyDE.Sprint6.Task4.V5.Test\Tyuiu.DatskiyDE.Sprint6.Task4.V5.Test.csproj", "{D8877586-E01D-427C-B831-9566BB45FA56}"
EndProject
Project("{FAE04EC0-301F-11D3-BF4B-00C04F79EFBC}") = "Tyuiu.DatskiyDE.Sprint6.Task4.V5", "Tyuiu.DatskiyDE.Sprint6.Task4.V5\Tyuiu.DatskiyDE.Sprint6.Task4.V5.csproj", "{6415B84E-F7FA-4F0D-A647-4F71FB69E23D}"
EndProject
Project("{FAE04EC0-301F-11D3-BF4B-00C04F79EFBC}") = "Tyuiu.DatskiyDE.Sprint6.Task5.V15.Lib", "Tyuiu.DatskiyDE.Sprint6.Task5.V15.Lib\Tyuiu.DatskiyDE.Sprint6.Task5.V15.Lib.csproj", "{F438D664-B1AC-4933-846F-9D7CEE588157}"
EndProject
Project("{FAE04EC0-301F-11D3-BF4B-00C04F79EFBC}") = "Tyuiu.DatskiyDE.Sprint6.Task5.V15.Test", "Tyuiu.DatskiyDE.Sprint6.Task5.V15.Test\Tyuiu.DatskiyDE.Sprint6.Task5.V15.Test.csproj", "{6D5750F5-6DE7-4A04-8B18-C90DF24837E0}"
EndProject
Project("{FAE04EC0-301F-11D3-BF4B-00C04F79EFBC}") = "Tyuiu.DatskiyDE.Sprint6.Task5.V15", "Tyuiu.DatskiyDE.Sprint6.Task5.V15\Tyuiu.DatskiyDE.Sprint6.Task5.V15.csproj", "{B3EB7BDD-9F75-4F31-B712-67ACD57CE80F}"
EndProject
Project("{FAE04EC0-301F-11D3-BF4B-00C04F79EFBC}") = "Tyuiu.DatskiyDE.Sprint6.Task6.V23.Lib", "Tyuiu.DatskiyDE.Sprint6.Task6.V23.Lib\Tyuiu.DatskiyDE.Sprint6.Task6.V23.Lib.csproj", "{C4F9F674-5332-49E2-B017-2E1110EBA277}"
EndProject
Project("{FAE04EC0-301F-11D3-BF4B-00C04F79EFBC}") = "Tyuiu.DatskiyDE.Sprint6.Task6.V23.Test", "Tyuiu.DatskiyDE.Sprint6.Task6.V23.Test\Tyuiu.DatskiyDE.Sprint6.Task6.V23.Test.csproj", "{E0B1745A-E0ED-49AF-8FC8-57FB70426C44}"
EndProject
Project("{FAE04EC0-301F-11D3-BF4B-00C04F79EFBC}") = "Tyuiu.DatskiyDE.Sprint6.Task6.V23", "Tyuiu.DatskiyDE.Sprint6.Task6.V23\Tyuiu.DatskiyDE.Sprint6.Task6.V23.csproj", "{8A9D7BD9-DE3E-4AB8-802A-8A1FE9582B9B}"
EndProject
Global
	GlobalSection(SolutionConfigurationPlatforms) = preSolution
		Debug|Any CPU = Debug|Any CPU
		Release|Any CPU = Release|Any CPU
	EndGlobalSection
	GlobalSection(ProjectConfigurationPlatforms) = postSolution
		{8F85A6EC-2B84-4E4F-BFDA-EE8A93035A1F}.Debug|Any CPU.ActiveCfg = Debug|Any CPU
		{8F85A6EC-2B84-4E4F-BFDA-EE8A93035A1F}.Debug|Any CPU.Build.0 = Debug|Any CPU
		{8F85A6EC-2B84-4E4F-BFDA-EE8A93035A1F}.Release|Any CPU.ActiveCfg = Release|Any CPU
		{8F85A6EC-2B84-4E4F-BFDA-EE8A93035A1F}.Release|Any CPU.Build.0 = Release|Any CPU
		{44BCC138-6CF8-463B-9A57-C8AFE869617F}.Debug|Any CPU.ActiveCfg = Debug|Any CPU
		{44BCC138-6CF8-463B-9A57-C8AFE869617F}.Debug|Any CPU.Build.0 = Debug|Any CPU
		{44BCC138-6CF8-463B-9A57-C8AFE869617F}.Release|Any CPU.ActiveCfg = Release|Any CPU
		{44BCC138-6CF8-463B-9A57-C8AFE869617F}.Release|Any CPU.Build.0 = Release|Any CPU
		{5CB27E92-AA5D-4145-839D-1C22AE3187EB}.Debug|Any CPU.ActiveCfg = Debug|Any CPU
		{5CB27E92-AA5D-4145-839D-1C22AE3187EB}.Debug|Any CPU.Build.0 = Debug|Any CPU
		{5CB27E92-AA5D-4145-839D-1C22AE3187EB}.Release|Any CPU.ActiveCfg = Release|Any CPU
		{5CB27E92-AA5D-4145-839D-1C22AE3187EB}.Release|Any CPU.Build.0 = Release|Any CPU
		{98BAB035-A1D7-4C46-8F01-5993E09D1565}.Debug|Any CPU.ActiveCfg = Debug|Any CPU
		{98BAB035-A1D7-4C46-8F01-5993E09D1565}.Debug|Any CPU.Build.0 = Debug|Any CPU
		{98BAB035-A1D7-4C46-8F01-5993E09D1565}.Release|Any CPU.ActiveCfg = Release|Any CPU
		{98BAB035-A1D7-4C46-8F01-5993E09D1565}.Release|Any CPU.Build.0 = Release|Any CPU
		{4284A83F-93DC-4FEA-A755-DF59DCF7D182}.Debug|Any CPU.ActiveCfg = Debug|Any CPU
		{4284A83F-93DC-4FEA-A755-DF59DCF7D182}.Debug|Any CPU.Build.0 = Debug|Any CPU
		{4284A83F-93DC-4FEA-A755-DF59DCF7D182}.Release|Any CPU.ActiveCfg = Release|Any CPU
		{4284A83F-93DC-4FEA-A755-DF59DCF7D182}.Release|Any CPU.Build.0 = Release|Any CPU
		{0AE5BBBB-E7CD-466B-B8A0-C1ACA80CE8B6}.Debug|Any CPU.ActiveCfg = Debug|Any CPU
		{0AE5BBBB-E7CD-466B-B8A0-C1ACA80CE8B6}.Debug|Any CPU.Build.0 = Debug|Any CPU
		{0AE5BBBB-E7CD-466B-B8A0-C1ACA80CE8B6}.Release|Any CPU.ActiveCfg = Release|Any CPU
		{0AE5BBBB-E7CD-466B-B8A0-C1ACA80CE8B6}.Release|Any CPU.Build.0 = Release|Any CPU
		{B9A80672-8820-43EB-B236-6A079F5439CE}.Debug|Any CPU.ActiveCfg = Debug|Any CPU
		{B9A80672-8820-43EB-B236-6A079F5439CE}.Debug|Any CPU.Build.0 = Debug|Any CPU
		{B9A80672-8820-43EB-B236-6A079F5439CE}.Release|Any CPU.ActiveCfg = Release|Any CPU
		{B9A80672-8820-43EB-B236-6A079F5439CE}.Release|Any CPU.Build.0 = Release|Any CPU
		{CF9972B4-FD97-4B98-9744-F9C4206C2EA7}.Debug|Any CPU.ActiveCfg = Debug|Any CPU
		{CF9972B4-FD97-4B98-9744-F9C4206C2EA7}.Debug|Any CPU.Build.0 = Debug|Any CPU
		{CF9972B4-FD97-4B98-9744-F9C4206C2EA7}.Release|Any CPU.ActiveCfg = Release|Any CPU
		{CF9972B4-FD97-4B98-9744-F9C4206C2EA7}.Release|Any CPU.Build.0 = Release|Any CPU
		{B39C2917-5BE0-4494-BBBA-5B40B3491CB2}.Debug|Any CPU.ActiveCfg = Debug|Any CPU
		{B39C2917-5BE0-4494-BBBA-5B40B3491CB2}.Debug|Any CPU.Build.0 = Debug|Any CPU
		{B39C2917-5BE0-4494-BBBA-5B40B3491CB2}.Release|Any CPU.ActiveCfg = Release|Any CPU
		{B39C2917-5BE0-4494-BBBA-5B40B3491CB2}.Release|Any CPU.Build.0 = Release|Any CPU
		{C85BD8AE-E121-4040-8AC1-EB5F39187518}.Debug|Any CPU.ActiveCfg = Debug|Any CPU
		{C85BD8AE-E121-4040-8AC1-EB5F39187518}.Debug|Any CPU.Build.0 = Debug|Any CPU
		{C85BD8AE-E121-4040-8AC1-EB5F39187518}.Release|Any CPU.ActiveCfg = Release|Any CPU
		{C85BD8AE-E121-4040-8AC1-EB5F39187518}.Release|Any CPU.Build.0 = Release|Any CPU
		{D26C8F0F-68CD-418C-BC68-105C8D40116B}.Debug|Any CPU.ActiveCfg = Debug|Any CPU
		{D26C8F0F-68CD-418C-BC68-105C8D40116B}.Debug|Any CPU.Build.0 = Debug|Any CPU
		{D26C8F0F-68CD-418C-BC68-105C8D40116B}.Release|Any CPU.ActiveCfg = Release|Any CPU
		{D26C8F0F-68CD-418C-BC68-105C8D40116B}.Release|Any CPU.Build.0 = Release|Any CPU
		{67312875-9992-4A1D-B6A9-4F9514CB7E25}.Debug|Any CPU.ActiveCfg = Debug|Any CPU
		{67312875-9992-4A1D-B6A9-4F9514CB7E25}.Debug|Any CPU.Build.0 = Debug|Any CPU
		{67312875-9992-4A1D-B6A9-4F9514CB7E25}.Release|Any CPU.ActiveCfg = Release|Any CPU
		{67312875-9992-4A1D-B6A9-4F9514CB7E25}.Release|Any CPU.Build.0 = Release|Any CPU
		{F5458D98-4093-4717-A26D-ABE95209FDDA}.Debug|Any CPU.ActiveCfg = Debug|Any CPU
		{F5458D98-4093-4717-A26D-ABE95209FDDA}.Debug|Any CPU.Build.0 = Debug|Any CPU
		{F5458D98-4093-4717-A26D-ABE95209FDDA}.Release|Any CPU.ActiveCfg = Release|Any CPU
		{F5458D98-4093-4717-A26D-ABE95209FDDA}.Release|Any CPU.Build.0 = Release|Any CPU
		{D8877586-E01D-427C-B831-9566BB45FA56}.Debug|Any CPU.ActiveCfg = Debug|Any CPU
		{D8877586-E01D-427C-B831-9566BB45FA56}.Debug|Any CPU.Build.0 = Debug|Any CPU
		{D8877586-E01D-427C-B831-9566BB45FA56}.Release|Any CPU.ActiveCfg = Release|Any CPU
		{D8877586-E01D-427C-B831-9566BB45FA56}.Release|Any CPU.Build.0 = Release|Any CPU
		{6415B84E-F7FA-4F0D-A647-4F71FB69E23D}.Debug|Any CPU.ActiveCfg = Debug|Any CPU
		{6415B84E-F7FA-4F0D-A647-4F71FB69E23D}.Debug|Any CPU.Build.0 = Debug|Any CPU
		{6415B84E-F7FA-4F0D-A647-4F71FB69E23D}.Release|Any CPU.ActiveCfg = Release|Any CPU
		{6415B84E-F7FA-4F0D-A647-4F71FB69E23D}.Release|Any CPU.Build.0 = Release|Any CPU
		{F438D664-B1AC-4933-846F-9D7CEE588157}.Debug|Any CPU.ActiveCfg = Debug|Any CPU
		{F438D664-B1AC-4933-846F-9D7CEE588157}.Debug|Any CPU.Build.0 = Debug|Any CPU
		{F438D664-B1AC-4933-846F-9D7CEE588157}.Release|Any CPU.ActiveCfg = Release|Any CPU
		{F438D664-B1AC-4933-846F-9D7CEE588157}.Release|Any CPU.Build.0 = Release|Any CPU
		{6D5750F5-6DE7-4A04-8B18-C90DF24837E0}.Debug|Any CPU.ActiveCfg = Debug|Any CPU
		{6D5750F5-6DE7-4A04-8B18-C90DF24837E0}.Debug|Any CPU.Build.0 = Debug|Any CPU
		{6D5750F5-6DE7-4A04-8B18-C90DF24837E0}.Release|Any CPU.ActiveCfg = Release|Any CPU
		{6D5750F5-6DE7-4A04-8B18-C90DF24837E0}.Release|Any CPU.Build.0 = Release|Any CPU
		{B3EB7BDD-9F75-4F31-B712-67ACD57CE80F}.Debug|Any CPU.ActiveCfg = Debug|Any CPU
		{B3EB7BDD-9F75-4F31-B712-67ACD57CE80F}.Debug|Any CPU.Build.0 = Debug|Any CPU
		{B3EB7BDD-9F75-4F31-B712-67ACD57CE80F}.Release|Any CPU.ActiveCfg = Release|Any CPU
		{B3EB7BDD-9F75-4F31-B712-67ACD57CE80F}.Release|Any CPU.Build.0 = Release|Any CPU
		{C4F9F674-5332-49E2-B017-2E1110EBA277}.Debug|Any CPU.ActiveCfg = Debug|Any CPU
		{C4F9F674-5332-49E2-B017-2E1110EBA277}.Debug|Any CPU.Build.0 = Debug|Any CPU
		{C4F9F674-5332-49E2-B017-2E1110EBA277}.Release|Any CPU.ActiveCfg = Release|Any CPU
		{C4F9F674-5332-49E2-B017-2E1110EBA277}.Release|Any CPU.Build.0 = Release|Any CPU
		{E0B1745A-E0ED-49AF-8FC8-57FB70426C44}.Debug|Any CPU.ActiveCfg = Debug|Any CPU
		{E0B1745A-E0ED-49AF-8FC8-57FB70426C44}.Debug|Any CPU.Build.0 = Debug|Any CPU
		{E0B1745A-E0ED-49AF-8FC8-57FB70426C44}.Release|Any CPU.ActiveCfg = Release|Any CPU
		{E0B1745A-E0ED-49AF-8FC8-57FB70426C44}.Release|Any CPU.Build.0 = Release|Any CPU
		{8A9D7BD9-DE3E-4AB8-802A-8A1FE9582B9B}.Debug|Any CPU.ActiveCfg = Debug|Any CPU
		{8A9D7BD9-DE3E-4AB8-802A-8A1FE9582B9B}.Debug|Any CPU.Build.0 = Debug|Any CPU
		{8A9D7BD9-DE3E-4AB8-802A-8A1FE9582B9B}.Release|Any CPU.ActiveCfg = Release|Any CPU
		{8A9D7BD9-DE3E-4AB8-802A-8A1FE9582B9B}.Release|Any CPU.Build.0 = Release|Any CPU
	EndGlobalSection
	GlobalSection(SolutionProperties) = preSolution
		HideSolutionNode = FALSE
	EndGlobalSection
	GlobalSection(NestedProjects) = preSolution
		{8F85A6EC-2B84-4E4F-BFDA-EE8A93035A1F} = {02EA681E-C7D8-13C7-8484-4AC65E1B71E8}
		{44BCC138-6CF8-463B-9A57-C8AFE869617F} = {02EA681E-C7D8-13C7-8484-4AC65E1B71E8}
		{5CB27E92-AA5D-4145-839D-1C22AE3187EB} = {02EA681E-C7D8-13C7-8484-4AC65E1B71E8}
		{98BAB035-A1D7-4C46-8F01-5993E09D1565} = {449C4631-AA4E-47CF-B5A7-B971AE30728A}
		{4284A83F-93DC-4FEA-A755-DF59DCF7D182} = {449C4631-AA4E-47CF-B5A7-B971AE30728A}
		{0AE5BBBB-E7CD-466B-B8A0-C1ACA80CE8B6} = {449C4631-AA4E-47CF-B5A7-B971AE30728A}
		{B9A80672-8820-43EB-B236-6A079F5439CE} = {64019810-CD3E-4A21-A27A-8E6781563D45}
		{CF9972B4-FD97-4B98-9744-F9C4206C2EA7} = {64019810-CD3E-4A21-A27A-8E6781563D45}
		{B39C2917-5BE0-4494-BBBA-5B40B3491CB2} = {64019810-CD3E-4A21-A27A-8E6781563D45}
		{C85BD8AE-E121-4040-8AC1-EB5F39187518} = {71339329-65CE-4537-8607-E6C06A9BA0F6}
		{D26C8F0F-68CD-418C-BC68-105C8D40116B} = {71339329-65CE-4537-8607-E6C06A9BA0F6}
		{67312875-9992-4A1D-B6A9-4F9514CB7E25} = {71339329-65CE-4537-8607-E6C06A9BA0F6}
		{F5458D98-4093-4717-A26D-ABE95209FDDA} = {B8EA4C5D-C770-409D-BED0-8F5F8C49C821}
		{D8877586-E01D-427C-B831-9566BB45FA56} = {B8EA4C5D-C770-409D-BED0-8F5F8C49C821}
		{6415B84E-F7FA-4F0D-A647-4F71FB69E23D} = {B8EA4C5D-C770-409D-BED0-8F5F8C49C821}
		{F438D664-B1AC-4933-846F-9D7CEE588157} = {89BA3665-2746-46B3-8672-28A1E1D460F3}
		{6D5750F5-6DE7-4A04-8B18-C90DF24837E0} = {89BA3665-2746-46B3-8672-28A1E1D460F3}
		{B3EB7BDD-9F75-4F31-B712-67ACD57CE80F} = {89BA3665-2746-46B3-8672-28A1E1D460F3}
		{C4F9F674-5332-49E2-B017-2E1110EBA277} = {59EEBB71-BFAC-4EDF-8F43-8A3EB659D58E}
		{E0B1745A-E0ED-49AF-8FC8-57FB70426C44} = {59EEBB71-BFAC-4EDF-8F43-8A3EB659D58E}
		{8A9D7BD9-DE3E-4AB8-802A-8A1FE9582B9B} = {59EEBB71-BFAC-4EDF-8F43-8A3EB659D58E}
	EndGlobalSection
	GlobalSection(ExtensibilityGlobals) = postSolution
		SolutionGuid = {BFA7002B-74E1-4690-BFD1-3B458E990B51}
	EndGlobalSection
EndGlobal
