
Microsoft Visual Studio Solution File, Format Version 12.00
# Visual Studio Version 17
VisualStudioVersion = 17.14.36414.22
MinimumVisualStudioVersion = 10.0.40219.1
Project("{2150E333-8FDC-42A3-9474-1A3956D46DE8}") = "Task0", "Task0", "{02EA681E-C7D8-13C7-8484-4AC65E1B71E8}"
EndProject
Project("{2150E333-8FDC-42A3-9474-1A3956D46DE8}") = "Task1", "Task1", "{449C4631-AA4E-47CF-B5A7-B971AE30728A}"
EndProject
Project("{2150E333-8FDC-42A3-9474-1A3956D46DE8}") = "Task2", "Task2", "{64019810-CD3E-4A21-A27A-8E6781563D45}"
EndProject
Project("{2150E333-8FDC-42A3-9474-1A3956D46DE8}") = "Task3", "Task3", "{71339329-65CE-4537-8607-E6C06A9BA0F6}"
EndProject
Project("{2150E333-8FDC-42A3-9474-1A3956D46DE8}") = "Task4", "Task4", "{B8EA4C5D-C770-409D-BED0-8F5F8C49C821}"
EndProject
Project("{2150E333-8FDC-42A3-9474-1A3956D46DE8}") = "Task5", "Task5", "{89BA3665-2746-46B3-8672-28A1E1D460F3}"
EndProject
Project("{2150E333-8FDC-42A3-9474-1A3956D46DE8}") = "Task6", "Task6", "{59EEBB71-BFAC-4EDF-8F43-8A3EB659D58E}"
EndProject
Project("{2150E333-8FDC-42A3-9474-1A3956D46DE8}") = "Task7", "Task7", "{0B54D7A2-38A7-4556-870D-1DD777DBEC9B}"
EndProject
Project("{FAE04EC0-301F-11D3-BF4B-00C04F79EFBC}") = "Tyuiu.DatskiyDE.Sprint6.Task0.V22.Test", "Tyuiu.DatskiyDE.Sprint6.Task0.V22.Test\Tyuiu.DatskiyDE.Sprint6.Task0.V22.Test.csproj", "{8F85A6EC-2B84-4E4F-BFDA-EE8A93035A1F}"
EndProject
Project("{FAE04EC0-301F-11D3-BF4B-00C04F79EFBC}") = "Tyuiu.DatskiyDE.Sprint6.Task0.V22.Lib", "Tyuiu.DatskiyDE.Sprint6.Task0.V22.Lib\Tyuiu.DatskiyDE.Sprint6.Task0.V22.Lib.csproj", "{44BCC138-6CF8-463B-9A57-C8AFE869617F}"
EndProject
Project("{FAE04EC0-301F-11D3-BF4B-00C04F79EFBC}") = "Tyuiu.DatskiyDE.Sprint6.Task0.V22", "Tyuiu.DatskiyDE.Sprint6.Task0.V22\Tyuiu.DatskiyDE.Sprint6.Task0.V22.csproj", "{5CB27E92-AA5D-4145-839D-1C22AE3187EB}"
EndProject
Project("{FAE04EC0-301F-11D3-BF4B-00C04F79EFBC}") = "Tyuiu.DatskiyDE.Sprint6.Task1.V2.Lib", "Tyuiu.DatskiyDE.Sprint6.Task1.V2.Lib\Tyuiu.DatskiyDE.Sprint6.Task1.V2.Lib.csproj", "{98BAB035-A1D7-4C46-8F01-5993E09D1565}"
EndProject
Project("{FAE04EC0-301F-11D3-BF4B-00C04F79EFBC}") = "Tyuiu.DatskiyDE.Sprint6.Task1.V2.Test", "Tyuiu.DatskiyDE.Sprint6.Task1.V2.Test\Tyuiu.DatskiyDE.Sprint6.Task1.V2.Test.csproj", "{4284A83F-93DC-4FEA-A755-DF59DCF7D182}"
EndProject
Project("{FAE04EC0-301F-11D3-BF4B-00C04F79EFBC}") = "Tyuiu.DatskiyDE.Sprint6.Task1.V2", "Tyuiu.DatskiyDE.Sprint6.Task1.V2\Tyuiu.DatskiyDE.Sprint6.Task1.V2.csproj", "{0AE5BBBB-E7CD-466B-B8A0-C1ACA80CE8B6}"
EndProject
Global
	GlobalSection(SolutionConfigurationPlatforms) = preSolution
		Debug|Any CPU = Debug|Any CPU
		Release|Any CPU = Release|Any CPU
	EndGlobalSection
	GlobalSection(ProjectConfigurationPlatforms) = postSolution
		{8F85A6EC-2B84-4E4F-BFDA-EE8A93035A1F}.Debug|Any CPU.ActiveCfg = Debug|Any CPU
		{8F85A6EC-2B84-4E4F-BFDA-EE8A93035A1F}.Debug|Any CPU.Build.0 = Debug|Any CPU
		{8F85A6EC-2B84-4E4F-BFDA-EE8A93035A1F}.Release|Any CPU.ActiveCfg = Release|Any CPU
		{8F85A6EC-2B84-4E4F-BFDA-EE8A93035A1F}.Release|Any CPU.Build.0 = Release|Any CPU
		{44BCC138-6CF8-463B-9A57-C8AFE869617F}.Debug|Any CPU.ActiveCfg = Debug|Any CPU
		{44BCC138-6CF8-463B-9A57-C8AFE869617F}.Debug|Any CPU.Build.0 = Debug|Any CPU
		{44BCC138-6CF8-463B-9A57-C8AFE869617F}.Release|Any CPU.ActiveCfg = Release|Any CPU
		{44BCC138-6CF8-463B-9A57-C8AFE869617F}.Release|Any CPU.Build.0 = Release|Any CPU
		{5CB27E92-AA5D-4145-839D-1C22AE3187EB}.Debug|Any CPU.ActiveCfg = Debug|Any CPU
		{5CB27E92-AA5D-4145-839D-1C22AE3187EB}.Debug|Any CPU.Build.0 = Debug|Any CPU
		{5CB27E92-AA5D-4145-839D-1C22AE3187EB}.Release|Any CPU.ActiveCfg = Release|Any CPU
		{5CB27E92-AA5D-4145-839D-1C22AE3187EB}.Release|Any CPU.Build.0 = Release|Any CPU
		{98BAB035-A1D7-4C46-8F01-5993E09D1565}.Debug|Any CPU.ActiveCfg = Debug|Any CPU
		{98BAB035-A1D7-4C46-8F01-5993E09D1565}.Debug|Any CPU.Build.0 = Debug|Any CPU
		{98BAB035-A1D7-4C46-8F01-5993E09D1565}.Release|Any CPU.ActiveCfg = Release|Any CPU
		{98BAB035-A1D7-4C46-8F01-5993E09D1565}.Release|Any CPU.Build.0 = Release|Any CPU
		{4284A83F-93DC-4FEA-A755-DF59DCF7D182}.Debug|Any CPU.ActiveCfg = Debug|Any CPU
		{4284A83F-93DC-4FEA-A755-DF59DCF7D182}.Debug|Any CPU.Build.0 = Debug|Any CPU
		{4284A83F-93DC-4FEA-A755-DF59DCF7D182}.Release|Any CPU.ActiveCfg = Release|Any CPU
		{4284A83F-93DC-4FEA-A755-DF59DCF7D182}.Release|Any CPU.Build.0 = Release|Any CPU
		{0AE5BBBB-E7CD-466B-B8A0-C1ACA80CE8B6}.Debug|Any CPU.ActiveCfg = Debug|Any CPU
		{0AE5BBBB-E7CD-466B-B8A0-C1ACA80CE8B6}.Debug|Any CPU.Build.0 = Debug|Any CPU
		{0AE5BBBB-E7CD-466B-B8A0-C1ACA80CE8B6}.Release|Any CPU.ActiveCfg = Release|Any CPU
		{0AE5BBBB-E7CD-466B-B8A0-C1ACA80CE8B6}.Release|Any CPU.Build.0 = Release|Any CPU
	EndGlobalSection
	GlobalSection(SolutionProperties) = preSolution
		HideSolutionNode = FALSE
	EndGlobalSection
	GlobalSection(NestedProjects) = preSolution
		{8F85A6EC-2B84-4E4F-BFDA-EE8A93035A1F} = {02EA681E-C7D8-13C7-8484-4AC65E1B71E8}
		{44BCC138-6CF8-463B-9A57-C8AFE869617F} = {02EA681E-C7D8-13C7-8484-4AC65E1B71E8}
		{5CB27E92-AA5D-4145-839D-1C22AE3187EB} = {02EA681E-C7D8-13C7-8484-4AC65E1B71E8}
		{98BAB035-A1D7-4C46-8F01-5993E09D1565} = {449C4631-AA4E-47CF-B5A7-B971AE30728A}
		{4284A83F-93DC-4FEA-A755-DF59DCF7D182} = {449C4631-AA4E-47CF-B5A7-B971AE30728A}
		{0AE5BBBB-E7CD-466B-B8A0-C1ACA80CE8B6} = {449C4631-AA4E-47CF-B5A7-B971AE30728A}
	EndGlobalSection
	GlobalSection(ExtensibilityGlobals) = postSolution
		SolutionGuid = {BFA7002B-74E1-4690-BFD1-3B458E990B51}
	EndGlobalSection
EndGlobal
